<?xml version="1.0" encoding="utf-8"?>
<Project ToolsVersion="4.0" xmlns="http://schemas.microsoft.com/developer/msbuild/2003">
  <ItemGroup>
    <Filter Include="zlib">
      <UniqueIdentifier>{d84f696b-9a35-4195-922d-610eebff183c}</UniqueIdentifier>
    </Filter>
    <Filter Include="vc">
      <UniqueIdentifier>{08804ac8-3478-4571-b03d-2e8a4eb617a6}</UniqueIdentifier>
    </Filter>
  </ItemGroup>
  <ItemGroup>
    <ClCompile Include="md5.c" />
    <ClCompile Include="chd.c" />
    <ClCompile Include="chdman.c" />
    <ClCompile Include="sha1.c" />
    <ClCompile Include="version.c" />
    <ClCompile Include="..\depends\zlib\adler32.c">
      <Filter>zlib</Filter>
    </ClCompile>
    <ClCompile Include="..\depends\zlib\crc32.c">
      <Filter>zlib</Filter>
    </ClCompile>
    <ClCompile Include="..\depends\zlib\deflate.c">
      <Filter>zlib</Filter>
    </ClCompile>
    <ClCompile Include="..\depends\zlib\inffast.c">
      <Filter>zlib</Filter>
    </ClCompile>
    <ClCompile Include="..\depends\zlib\inflate.c">
      <Filter>zlib</Filter>
    </ClCompile>
    <ClCompile Include="..\depends\zlib\inftrees.c">
      <Filter>zlib</Filter>
    </ClCompile>
    <ClCompile Include="..\depends\zlib\trees.c">
      <Filter>zlib</Filter>
    </ClCompile>
    <ClCompile Include="..\depends\zlib\zutil.c">
      <Filter>zlib</Filter>
    </ClCompile>
  </ItemGroup>
  <ItemGroup>
    <ClInclude Include="md5.h" />
    <ClInclude Include="vc\vcmame.h">
      <Filter>vc</Filter>
    </ClInclude>
    <ClInclude Include="chd.h" />
    <ClInclude Include="sha1.h" />
    <ClInclude Include="..\depends\zlib\zlib.h">
      <Filter>zlib</Filter>
    </ClInclude>
  </ItemGroup>
  <ItemGroup>
    <ResourceCompile Include="..\tmp\version\version.rc">
      <Filter>vc</Filter>
    </ResourceCompile>
  </ItemGroup>
</Project>