<?xml version="1.0" encoding="utf-8"?>
<Project ToolsVersion="4.0" xmlns="http://schemas.microsoft.com/developer/msbuild/2003">
  <ItemGroup>
    <Filter Include="zlib">
      <UniqueIdentifier>{82e7a7d0-583f-452b-826e-e030b28e8396}</UniqueIdentifier>
    </Filter>
    <Filter Include="windows">
      <UniqueIdentifier>{4b0eb838-ae95-4b37-a584-f33d87d42ffb}</UniqueIdentifier>
    </Filter>
    <Filter Include="vidhrdw">
      <UniqueIdentifier>{188a1b3e-4f8b-4429-afb0-70b06f931576}</UniqueIdentifier>
    </Filter>
    <Filter Include="sound">
      <UniqueIdentifier>{c493d04d-7a5f-4b8c-98be-08ff6f398a1a}</UniqueIdentifier>
    </Filter>
    <Filter Include="machine">
      <UniqueIdentifier>{8d4e1ddf-fa29-47fe-96c9-e50ffe37e275}</UniqueIdentifier>
    </Filter>
    <Filter Include="includes">
      <UniqueIdentifier>{074cb225-d0e2-465e-9f5a-82f0143f9273}</UniqueIdentifier>
    </Filter>
    <Filter Include="drivers">
      <UniqueIdentifier>{c526260e-da8d-4808-bc70-44b5c2ca6547}</UniqueIdentifier>
    </Filter>
    <Filter Include="cpu">
      <UniqueIdentifier>{5e03a0f4-716b-4a03-9135-dc2f7eb706e5}</UniqueIdentifier>
    </Filter>
    <Filter Include="vc">
      <UniqueIdentifier>{06a5802f-32d1-47c9-9b83-64989b869b41}</UniqueIdentifier>
    </Filter>
    <Filter Include="cpu\z80">
      <UniqueIdentifier>{86dbe14d-df65-4792-9523-ef58f34c817f}</UniqueIdentifier>
    </Filter>
  </ItemGroup>
  <ItemGroup>
    <ClInclude Include="artwork.h" />
    <ClInclude Include="audit.h" />
    <ClInclude Include="cheat.h" />
    <ClInclude Include="common.h" />
    <ClInclude Include="cpuexec.h" />
    <ClInclude Include="cpuint.h" />
    <ClInclude Include="cpuintrf.h" />
    <ClInclude Include="datafile.h" />
    <ClInclude Include="drawgfx.h" />
    <ClInclude Include="driver.h" />
    <ClInclude Include="fileio.h" />
    <ClInclude Include="harddisk.h" />
    <ClInclude Include="hiscore.h" />
    <ClInclude Include="info.h" />
    <ClInclude Include="inptport.h" />
    <ClInclude Include="input.h" />
    <ClInclude Include="legacy.h" />
    <ClInclude Include="mame.h" />
    <ClInclude Include="mamedbg.h" />
    <ClInclude Include="md5.h" />
    <ClInclude Include="memory.h" />
    <ClInclude Include="network.h" />
    <ClInclude Include="osdepend.h" />
    <ClInclude Include="palette.h" />
    <ClInclude Include="png.h" />
    <ClInclude Include="profiler.h" />
    <ClInclude Include="sndintrf.h" />
    <ClInclude Include="state.h" />
    <ClInclude Include="tilemap.h" />
    <ClInclude Include="timer.h" />
    <ClInclude Include="ui_text.h" />
    <ClInclude Include="unzip.h" />
    <ClInclude Include="usrintrf.h" />
    <ClInclude Include="window.h" />
    <ClInclude Include="windows\blit.h">
      <Filter>windows</Filter>
    </ClInclude>
    <ClInclude Include="windows\dirty.h">
      <Filter>windows</Filter>
    </ClInclude>
    <ClInclude Include="windows\input.h">
      <Filter>windows</Filter>
    </ClInclude>
    <ClInclude Include="windows\misc.h">
      <Filter>windows</Filter>
    </ClInclude>
    <ClInclude Include="windows\osd_cpu.h">
      <Filter>windows</Filter>
    </ClInclude>
    <ClInclude Include="windows\osinline.h">
      <Filter>windows</Filter>
    </ClInclude>
    <ClInclude Include="windows\rc.h">
      <Filter>windows</Filter>
    </ClInclude>
    <ClInclude Include="windows\video.h">
      <Filter>windows</Filter>
    </ClInclude>
    <ClInclude Include="windows\winddraw.h">
      <Filter>windows</Filter>
    </ClInclude>
    <ClInclude Include="windows\window.h">
      <Filter>windows</Filter>
    </ClInclude>
    <ClInclude Include="windows\winprefix.h">
      <Filter>windows</Filter>
    </ClInclude>
    <ClInclude Include="vidhrdw\generic.h">
      <Filter>vidhrdw</Filter>
    </ClInclude>
    <ClInclude Include="vidhrdw\poly.h">
      <Filter>vidhrdw</Filter>
    </ClInclude>
    <ClInclude Include="vidhrdw\vector.h">
      <Filter>vidhrdw</Filter>
    </ClInclude>
    <ClInclude Include="sound\filter.h">
      <Filter>sound</Filter>
    </ClInclude>
    <ClInclude Include="sound\mixer.h">
      <Filter>sound</Filter>
    </ClInclude>
    <ClInclude Include="sound\streams.h">
      <Filter>sound</Filter>
    </ClInclude>
    <ClInclude Include="sound\wavwrite.h">
      <Filter>sound</Filter>
    </ClInclude>
    <ClInclude Include="includes\pacman.h">
      <Filter>includes</Filter>
    </ClInclude>
    <ClInclude Include="includes\pengo.h">
      <Filter>includes</Filter>
    </ClInclude>
    <ClInclude Include="vc\vcmame.h">
      <Filter>vc</Filter>
    </ClInclude>
    <ClInclude Include="vc\dirent.h">
      <Filter>vc</Filter>
    </ClInclude>
    <ClInclude Include="x86drc.h" />
    <ClInclude Include="windows\wind3d.h">
      <Filter>windows</Filter>
    </ClInclude>
    <ClInclude Include="hash.h" />
    <ClInclude Include="sha1.h" />
    <ClInclude Include="vc\unistd.h">
      <Filter>vc</Filter>
    </ClInclude>
    <ClInclude Include="windows\d3d_extra.h">
      <Filter>windows</Filter>
    </ClInclude>
    <ClInclude Include="windows\pattern.h">
      <Filter>windows</Filter>
    </ClInclude>
    <ClInclude Include="windows\wind3dfx.h">
      <Filter>windows</Filter>
    </ClInclude>
    <ClInclude Include="vidhrdw\matrix3d.h">
      <Filter>vidhrdw</Filter>
    </ClInclude>
    <ClInclude Include="windows\config.h">
      <Filter>windows</Filter>
    </ClInclude>
    <ClInclude Include="config.h" />
    <ClInclude Include="chd.h" />
    <ClInclude Include="..\depends\zlib\zlib.h">
      <Filter>zlib</Filter>
    </ClInclude>
    <ClInclude Include="cpu\z80\z80.h">
      <Filter>cpu\z80</Filter>
    </ClInclude>
    <ClInclude Include="cpu\z80\z80dasm.h">
      <Filter>cpu\z80</Filter>
    </ClInclude>
    <ClInclude Include="sound\namco.h">
      <Filter>sound</Filter>
    </ClInclude>
    <ClInclude Include="vidhrdw\avgdvg.h">
      <Filter>vidhrdw</Filter>
    </ClInclude>
    <ClInclude Include="machine\eeprom.h">
      <Filter>machine</Filter>
    </ClInclude>
    <ClInclude Include="machine\segacrpt.h">
      <Filter>machine</Filter>
    </ClInclude>
    <ClInclude Include="sound\samples.h">
      <Filter>sound</Filter>
    </ClInclude>
  </ItemGroup>
  <ItemGroup>
    <ClCompile Include="artwork.c" />
    <ClCompile Include="audit.c" />
    <ClCompile Include="cheat.c" />
    <ClCompile Include="common.c" />
    <ClCompile Include="cpuexec.c" />
    <ClCompile Include="cpuint.c" />
    <ClCompile Include="cpuintrf.c" />
    <ClCompile Include="datafile.c" />
    <ClCompile Include="drawgfx.c" />
    <ClCompile Include="driver.c" />
    <ClCompile Include="fileio.c" />
    <ClCompile Include="harddisk.c" />
    <ClCompile Include="hiscore.c" />
    <ClCompile Include="info.c" />
    <ClCompile Include="inptport.c" />
    <ClCompile Include="input.c" />
    <ClCompile Include="mame.c" />
    <ClCompile Include="mamedbg.c" />
    <ClCompile Include="md5.c" />
    <ClCompile Include="memory.c" />
    <ClCompile Include="network.c" />
    <ClCompile Include="palette.c" />
    <ClCompile Include="png.c" />
    <ClCompile Include="profiler.c" />
    <ClCompile Include="sndintrf.c" />
    <ClCompile Include="state.c" />
    <ClCompile Include="tilemap.c" />
    <ClCompile Include="timer.c" />
    <ClCompile Include="ui_text.c" />
    <ClCompile Include="unzip.c" />
    <ClCompile Include="usrintrf.c" />
    <ClCompile Include="version.c" />
    <ClCompile Include="window.c" />
    <ClCompile Include="windows\blit.c">
      <Filter>windows</Filter>
    </ClCompile>
    <ClCompile Include="windows\config.c">
      <Filter>windows</Filter>
    </ClCompile>
    <ClCompile Include="windows\fileio.c">
      <Filter>windows</Filter>
    </ClCompile>
    <ClCompile Include="windows\fronthlp.c">
      <Filter>windows</Filter>
    </ClCompile>
    <ClCompile Include="windows\input.c">
      <Filter>windows</Filter>
    </ClCompile>
    <ClCompile Include="windows\misc.c">
      <Filter>windows</Filter>
    </ClCompile>
    <ClCompile Include="windows\rc.c">
      <Filter>windows</Filter>
    </ClCompile>
    <ClCompile Include="windows\sound.c">
      <Filter>windows</Filter>
    </ClCompile>
    <ClCompile Include="windows\ticker.c">
      <Filter>windows</Filter>
    </ClCompile>
    <ClCompile Include="windows\video.c">
      <Filter>windows</Filter>
    </ClCompile>
    <ClCompile Include="windows\winddraw.c">
      <Filter>windows</Filter>
    </ClCompile>
    <ClCompile Include="windows\window.c">
      <Filter>windows</Filter>
    </ClCompile>
    <ClCompile Include="windows\winmain.c">
      <Filter>windows</Filter>
    </ClCompile>
    <ClCompile Include="vidhrdw\generic.c">
      <Filter>vidhrdw</Filter>
    </ClCompile>
    <ClCompile Include="vidhrdw\poly.c">
      <Filter>vidhrdw</Filter>
    </ClCompile>
    <ClCompile Include="vidhrdw\vector.c">
      <Filter>vidhrdw</Filter>
    </ClCompile>
    <ClCompile Include="sound\filter.c">
      <Filter>sound</Filter>
    </ClCompile>
    <ClCompile Include="sound\mixer.c">
      <Filter>sound</Filter>
    </ClCompile>
    <ClCompile Include="sound\streams.c">
      <Filter>sound</Filter>
    </ClCompile>
    <ClCompile Include="sound\wavwrite.c">
      <Filter>sound</Filter>
    </ClCompile>
    <ClCompile Include="machine\mspacman.c">
      <Filter>machine</Filter>
    </ClCompile>
    <ClCompile Include="machine\pacplus.c">
      <Filter>machine</Filter>
    </ClCompile>
    <ClCompile Include="drivers\pacman.c">
      <Filter>drivers</Filter>
    </ClCompile>
    <ClCompile Include="vc\dirent.c">
      <Filter>vc</Filter>
    </ClCompile>
    <ClCompile Include="x86drc.c" />
    <ClCompile Include="windows\wind3d.c">
      <Filter>windows</Filter>
    </ClCompile>
    <ClCompile Include="hash.c" />
    <ClCompile Include="sha1.c" />
    <ClCompile Include="windows\wind3dfx.c">
      <Filter>windows</Filter>
    </ClCompile>
    <ClCompile Include="vidhrdw\matrix3d.c">
      <Filter>vidhrdw</Filter>
    </ClCompile>
    <ClCompile Include="config.c" />
    <ClCompile Include="chd.c" />
    <ClCompile Include="..\depends\zlib\adler32.c">
      <Filter>zlib</Filter>
    </ClCompile>
    <ClCompile Include="..\depends\zlib\crc32.c">
      <Filter>zlib</Filter>
    </ClCompile>
    <ClCompile Include="..\depends\zlib\deflate.c">
      <Filter>zlib</Filter>
    </ClCompile>
    <ClCompile Include="..\depends\zlib\inffast.c">
      <Filter>zlib</Filter>
    </ClCompile>
    <ClCompile Include="..\depends\zlib\inflate.c">
      <Filter>zlib</Filter>
    </ClCompile>
    <ClCompile Include="..\depends\zlib\inftrees.c">
      <Filter>zlib</Filter>
    </ClCompile>
    <ClCompile Include="..\depends\zlib\zutil.c">
      <Filter>zlib</Filter>
    </ClCompile>
    <ClCompile Include="..\depends\zlib\compress.c">
      <Filter>zlib</Filter>
    </ClCompile>
    <ClCompile Include="..\depends\zlib\uncompr.c">
      <Filter>zlib</Filter>
    </ClCompile>
    <ClCompile Include="..\depends\zlib\trees.c">
      <Filter>zlib</Filter>
    </ClCompile>
    <ClCompile Include="cpu\z80\z80.c">
      <Filter>cpu\z80</Filter>
    </ClCompile>
    <ClCompile Include="cpu\z80\z80dasm.c">
      <Filter>cpu\z80</Filter>
    </ClCompile>
    <ClCompile Include="drivers\pengo.c">
      <Filter>drivers</Filter>
    </ClCompile>
    <ClCompile Include="sound\namco.c">
      <Filter>sound</Filter>
    </ClCompile>
    <ClCompile Include="vidhrdw\pengo.c">
      <Filter>vidhrdw</Filter>
    </ClCompile>
    <ClCompile Include="vidhrdw\avgdvg.c">
      <Filter>vidhrdw</Filter>
    </ClCompile>
    <ClCompile Include="machine\eeprom.c">
      <Filter>machine</Filter>
    </ClCompile>
    <ClCompile Include="machine\segacrpt.c">
      <Filter>machine</Filter>
    </ClCompile>
  </ItemGroup>
  <ItemGroup>
    <CustomBuild Include="windows\asmblit.asm">
      <Filter>windows</Filter>
    </CustomBuild>
    <CustomBuild Include="windows\asmtile.asm">
      <Filter>windows</Filter>
    </CustomBuild>
  </ItemGroup>
  <ItemGroup>
    <ResourceCompile Include="..\tmp\version\version.rc">
      <Filter>vc</Filter>
    </ResourceCompile>
  </ItemGroup>
</Project>