<?xml version="1.0" encoding="utf-8"?>
<Project ToolsVersion="4.0" xmlns="http://schemas.microsoft.com/developer/msbuild/2003">
  <ItemGroup>
    <Filter Include="zlib">
      <UniqueIdentifier>{82e7a7d0-583f-452b-826e-e030b28e8396}</UniqueIdentifier>
    </Filter>
    <Filter Include="windows">
      <UniqueIdentifier>{4b0eb838-ae95-4b37-a584-f33d87d42ffb}</UniqueIdentifier>
    </Filter>
    <Filter Include="vidhrdw">
      <UniqueIdentifier>{188a1b3e-4f8b-4429-afb0-70b06f931576}</UniqueIdentifier>
    </Filter>
    <Filter Include="sound">
      <UniqueIdentifier>{c493d04d-7a5f-4b8c-98be-08ff6f398a1a}</UniqueIdentifier>
    </Filter>
    <Filter Include="machine">
      <UniqueIdentifier>{8d4e1ddf-fa29-47fe-96c9-e50ffe37e275}</UniqueIdentifier>
    </Filter>
    <Filter Include="includes">
      <UniqueIdentifier>{074cb225-d0e2-465e-9f5a-82f0143f9273}</UniqueIdentifier>
    </Filter>
    <Filter Include="drivers">
      <UniqueIdentifier>{c526260e-da8d-4808-bc70-44b5c2ca6547}</UniqueIdentifier>
    </Filter>
    <Filter Include="cpu">
      <UniqueIdentifier>{5e03a0f4-716b-4a03-9135-dc2f7eb706e5}</UniqueIdentifier>
    </Filter>
    <Filter Include="cpu\s2650">
      <UniqueIdentifier>{1338b5b2-e467-4ec1-ab97-ca76af2b6c63}</UniqueIdentifier>
    </Filter>
    <Filter Include="vc">
      <UniqueIdentifier>{06a5802f-32d1-47c9-9b83-64989b869b41}</UniqueIdentifier>
    </Filter>
    <Filter Include="cpu\z80">
      <UniqueIdentifier>{86dbe14d-df65-4792-9523-ef58f34c817f}</UniqueIdentifier>
    </Filter>
  </ItemGroup>
  <ItemGroup>
    <ClInclude Include="artwork.h" />
    <ClInclude Include="audit.h" />
    <ClInclude Include="cheat.h" />
    <ClInclude Include="common.h" />
    <ClInclude Include="cpuexec.h" />
    <ClInclude Include="cpuint.h" />
    <ClInclude Include="cpuintrf.h" />
    <ClInclude Include="datafile.h" />
    <ClInclude Include="drawgfx.h" />
    <ClInclude Include="driver.h" />
    <ClInclude Include="fileio.h" />
    <ClInclude Include="harddisk.h" />
    <ClInclude Include="hiscore.h" />
    <ClInclude Include="info.h" />
    <ClInclude Include="inptport.h" />
    <ClInclude Include="input.h" />
    <ClInclude Include="legacy.h" />
    <ClInclude Include="mame.h" />
    <ClInclude Include="mamedbg.h" />
    <ClInclude Include="md5.h" />
    <ClInclude Include="memory.h" />
    <ClInclude Include="network.h" />
    <ClInclude Include="osdepend.h" />
    <ClInclude Include="palette.h" />
    <ClInclude Include="png.h" />
    <ClInclude Include="profiler.h" />
    <ClInclude Include="sndintrf.h" />
    <ClInclude Include="state.h" />
    <ClInclude Include="tilemap.h" />
    <ClInclude Include="timer.h" />
    <ClInclude Include="ui_text.h" />
    <ClInclude Include="unzip.h" />
    <ClInclude Include="usrintrf.h" />
    <ClInclude Include="window.h" />
    <ClInclude Include="windows\blit.h">
      <Filter>windows</Filter>
    </ClInclude>
    <ClInclude Include="windows\dirty.h">
      <Filter>windows</Filter>
    </ClInclude>
    <ClInclude Include="windows\input.h">
      <Filter>windows</Filter>
    </ClInclude>
    <ClInclude Include="windows\misc.h">
      <Filter>windows</Filter>
    </ClInclude>
    <ClInclude Include="windows\osd_cpu.h">
      <Filter>windows</Filter>
    </ClInclude>
    <ClInclude Include="windows\osinline.h">
      <Filter>windows</Filter>
    </ClInclude>
    <ClInclude Include="windows\rc.h">
      <Filter>windows</Filter>
    </ClInclude>
    <ClInclude Include="windows\video.h">
      <Filter>windows</Filter>
    </ClInclude>
    <ClInclude Include="windows\winddraw.h">
      <Filter>windows</Filter>
    </ClInclude>
    <ClInclude Include="windows\window.h">
      <Filter>windows</Filter>
    </ClInclude>
    <ClInclude Include="windows\winprefix.h">
      <Filter>windows</Filter>
    </ClInclude>
    <ClInclude Include="vidhrdw\generic.h">
      <Filter>vidhrdw</Filter>
    </ClInclude>
    <ClInclude Include="vidhrdw\poly.h">
      <Filter>vidhrdw</Filter>
    </ClInclude>
    <ClInclude Include="vidhrdw\vector.h">
      <Filter>vidhrdw</Filter>
    </ClInclude>
    <ClInclude Include="sound\filter.h">
      <Filter>sound</Filter>
    </ClInclude>
    <ClInclude Include="sound\mixer.h">
      <Filter>sound</Filter>
    </ClInclude>
    <ClInclude Include="sound\streams.h">
      <Filter>sound</Filter>
    </ClInclude>
    <ClInclude Include="sound\wavwrite.h">
      <Filter>sound</Filter>
    </ClInclude>
    <ClInclude Include="includes\8080bw.h">
      <Filter>includes</Filter>
    </ClInclude>
    <ClInclude Include="includes\appoooh.h">
      <Filter>includes</Filter>
    </ClInclude>
    <ClInclude Include="includes\arabian.h">
      <Filter>includes</Filter>
    </ClInclude>
    <ClInclude Include="includes\arcadecl.h">
      <Filter>includes</Filter>
    </ClInclude>
    <ClInclude Include="includes\artmagic.h">
      <Filter>includes</Filter>
    </ClInclude>
    <ClInclude Include="includes\asteroid.h">
      <Filter>includes</Filter>
    </ClInclude>
    <ClInclude Include="includes\atarifb.h">
      <Filter>includes</Filter>
    </ClInclude>
    <ClInclude Include="includes\atarig1.h">
      <Filter>includes</Filter>
    </ClInclude>
    <ClInclude Include="includes\atarig42.h">
      <Filter>includes</Filter>
    </ClInclude>
    <ClInclude Include="includes\atarigt.h">
      <Filter>includes</Filter>
    </ClInclude>
    <ClInclude Include="includes\atarigx2.h">
      <Filter>includes</Filter>
    </ClInclude>
    <ClInclude Include="includes\atarisy1.h">
      <Filter>includes</Filter>
    </ClInclude>
    <ClInclude Include="includes\atarisy2.h">
      <Filter>includes</Filter>
    </ClInclude>
    <ClInclude Include="includes\atetris.h">
      <Filter>includes</Filter>
    </ClInclude>
    <ClInclude Include="includes\avalnche.h">
      <Filter>includes</Filter>
    </ClInclude>
    <ClInclude Include="includes\aztarac.h">
      <Filter>includes</Filter>
    </ClInclude>
    <ClInclude Include="includes\badlands.h">
      <Filter>includes</Filter>
    </ClInclude>
    <ClInclude Include="includes\balsente.h">
      <Filter>includes</Filter>
    </ClInclude>
    <ClInclude Include="includes\batman.h">
      <Filter>includes</Filter>
    </ClInclude>
    <ClInclude Include="includes\beaminv.h">
      <Filter>includes</Filter>
    </ClInclude>
    <ClInclude Include="includes\beathead.h">
      <Filter>includes</Filter>
    </ClInclude>
    <ClInclude Include="includes\berzerk.h">
      <Filter>includes</Filter>
    </ClInclude>
    <ClInclude Include="includes\blstroid.h">
      <Filter>includes</Filter>
    </ClInclude>
    <ClInclude Include="includes\bsktball.h">
      <Filter>includes</Filter>
    </ClInclude>
    <ClInclude Include="includes\btoads.h">
      <Filter>includes</Filter>
    </ClInclude>
    <ClInclude Include="includes\bzone.h">
      <Filter>includes</Filter>
    </ClInclude>
    <ClInclude Include="includes\canyon.h">
      <Filter>includes</Filter>
    </ClInclude>
    <ClInclude Include="includes\capbowl.h">
      <Filter>includes</Filter>
    </ClInclude>
    <ClInclude Include="includes\carpolo.h">
      <Filter>includes</Filter>
    </ClInclude>
    <ClInclude Include="includes\cave.h">
      <Filter>includes</Filter>
    </ClInclude>
    <ClInclude Include="includes\ccastles.h">
      <Filter>includes</Filter>
    </ClInclude>
    <ClInclude Include="includes\cchasm.h">
      <Filter>includes</Filter>
    </ClInclude>
    <ClInclude Include="includes\centiped.h">
      <Filter>includes</Filter>
    </ClInclude>
    <ClInclude Include="includes\cinemat.h">
      <Filter>includes</Filter>
    </ClInclude>
    <ClInclude Include="includes\clayshoo.h">
      <Filter>includes</Filter>
    </ClInclude>
    <ClInclude Include="includes\cloak.h">
      <Filter>includes</Filter>
    </ClInclude>
    <ClInclude Include="includes\cloud9.h">
      <Filter>includes</Filter>
    </ClInclude>
    <ClInclude Include="includes\cninja.h">
      <Filter>includes</Filter>
    </ClInclude>
    <ClInclude Include="includes\cojag.h">
      <Filter>includes</Filter>
    </ClInclude>
    <ClInclude Include="includes\copsnrob.h">
      <Filter>includes</Filter>
    </ClInclude>
    <ClInclude Include="includes\cps1.h">
      <Filter>includes</Filter>
    </ClInclude>
    <ClInclude Include="includes\crgolf.h">
      <Filter>includes</Filter>
    </ClInclude>
    <ClInclude Include="includes\crshrace.h">
      <Filter>includes</Filter>
    </ClInclude>
    <ClInclude Include="includes\cyberbal.h">
      <Filter>includes</Filter>
    </ClInclude>
    <ClInclude Include="includes\dassault.h">
      <Filter>includes</Filter>
    </ClInclude>
    <ClInclude Include="includes\dec0.h">
      <Filter>includes</Filter>
    </ClInclude>
    <ClInclude Include="includes\deco16ic.h">
      <Filter>includes</Filter>
    </ClInclude>
    <ClInclude Include="includes\deco32.h">
      <Filter>includes</Filter>
    </ClInclude>
    <ClInclude Include="includes\decocrpt.h">
      <Filter>includes</Filter>
    </ClInclude>
    <ClInclude Include="includes\decoprot.h">
      <Filter>includes</Filter>
    </ClInclude>
    <ClInclude Include="includes\dogfgt.h">
      <Filter>includes</Filter>
    </ClInclude>
    <ClInclude Include="includes\dominos.h">
      <Filter>includes</Filter>
    </ClInclude>
    <ClInclude Include="includes\dribling.h">
      <Filter>includes</Filter>
    </ClInclude>
    <ClInclude Include="includes\dynax.h">
      <Filter>includes</Filter>
    </ClInclude>
    <ClInclude Include="includes\epos.h">
      <Filter>includes</Filter>
    </ClInclude>
    <ClInclude Include="includes\eprom.h">
      <Filter>includes</Filter>
    </ClInclude>
    <ClInclude Include="includes\espial.h">
      <Filter>includes</Filter>
    </ClInclude>
    <ClInclude Include="includes\exerion.h">
      <Filter>includes</Filter>
    </ClInclude>
    <ClInclude Include="includes\exidy.h">
      <Filter>includes</Filter>
    </ClInclude>
    <ClInclude Include="includes\exidy440.h">
      <Filter>includes</Filter>
    </ClInclude>
    <ClInclude Include="includes\f1gp.h">
      <Filter>includes</Filter>
    </ClInclude>
    <ClInclude Include="includes\fastfred.h">
      <Filter>includes</Filter>
    </ClInclude>
    <ClInclude Include="includes\firetrk.h">
      <Filter>includes</Filter>
    </ClInclude>
    <ClInclude Include="includes\foodf.h">
      <Filter>includes</Filter>
    </ClInclude>
    <ClInclude Include="includes\fromance.h">
      <Filter>includes</Filter>
    </ClInclude>
    <ClInclude Include="includes\funkyjet.h">
      <Filter>includes</Filter>
    </ClInclude>
    <ClInclude Include="includes\galaxian.h">
      <Filter>includes</Filter>
    </ClInclude>
    <ClInclude Include="includes\gauntlet.h">
      <Filter>includes</Filter>
    </ClInclude>
    <ClInclude Include="includes\gcpinbal.h">
      <Filter>includes</Filter>
    </ClInclude>
    <ClInclude Include="includes\gridlee.h">
      <Filter>includes</Filter>
    </ClInclude>
    <ClInclude Include="includes\gstriker.h">
      <Filter>includes</Filter>
    </ClInclude>
    <ClInclude Include="includes\harddriv.h">
      <Filter>includes</Filter>
    </ClInclude>
    <ClInclude Include="includes\homedata.h">
      <Filter>includes</Filter>
    </ClInclude>
    <ClInclude Include="includes\iqblock.h">
      <Filter>includes</Filter>
    </ClInclude>
    <ClInclude Include="includes\irobot.h">
      <Filter>includes</Filter>
    </ClInclude>
    <ClInclude Include="includes\itech8.h">
      <Filter>includes</Filter>
    </ClInclude>
    <ClInclude Include="includes\itech32.h">
      <Filter>includes</Filter>
    </ClInclude>
    <ClInclude Include="includes\jaguar.h">
      <Filter>includes</Filter>
    </ClInclude>
    <ClInclude Include="includes\jedi.h">
      <Filter>includes</Filter>
    </ClInclude>
    <ClInclude Include="includes\jrpacman.h">
      <Filter>includes</Filter>
    </ClInclude>
    <ClInclude Include="includes\kaneko16.h">
      <Filter>includes</Filter>
    </ClInclude>
    <ClInclude Include="includes\kangaroo.h">
      <Filter>includes</Filter>
    </ClInclude>
    <ClInclude Include="includes\kinst.h">
      <Filter>includes</Filter>
    </ClInclude>
    <ClInclude Include="includes\klax.h">
      <Filter>includes</Filter>
    </ClInclude>
    <ClInclude Include="includes\kyugo.h">
      <Filter>includes</Filter>
    </ClInclude>
    <ClInclude Include="includes\lasso.h">
      <Filter>includes</Filter>
    </ClInclude>
    <ClInclude Include="includes\leland.h">
      <Filter>includes</Filter>
    </ClInclude>
    <ClInclude Include="includes\lemmings.h">
      <Filter>includes</Filter>
    </ClInclude>
    <ClInclude Include="includes\leprechn.h">
      <Filter>includes</Filter>
    </ClInclude>
    <ClInclude Include="includes\liberatr.h">
      <Filter>includes</Filter>
    </ClInclude>
    <ClInclude Include="includes\lwings.h">
      <Filter>includes</Filter>
    </ClInclude>
    <ClInclude Include="includes\mcr.h">
      <Filter>includes</Filter>
    </ClInclude>
    <ClInclude Include="includes\meadows.h">
      <Filter>includes</Filter>
    </ClInclude>
    <ClInclude Include="includes\megasys1.h">
      <Filter>includes</Filter>
    </ClInclude>
    <ClInclude Include="includes\mhavoc.h">
      <Filter>includes</Filter>
    </ClInclude>
    <ClInclude Include="includes\midtunit.h">
      <Filter>includes</Filter>
    </ClInclude>
    <ClInclude Include="includes\midvunit.h">
      <Filter>includes</Filter>
    </ClInclude>
    <ClInclude Include="includes\midwunit.h">
      <Filter>includes</Filter>
    </ClInclude>
    <ClInclude Include="includes\midyunit.h">
      <Filter>includes</Filter>
    </ClInclude>
    <ClInclude Include="includes\missile.h">
      <Filter>includes</Filter>
    </ClInclude>
    <ClInclude Include="includes\namcoic.h">
      <Filter>includes</Filter>
    </ClInclude>
    <ClInclude Include="includes\namcona1.h">
      <Filter>includes</Filter>
    </ClInclude>
    <ClInclude Include="includes\namconb1.h">
      <Filter>includes</Filter>
    </ClInclude>
    <ClInclude Include="includes\namcond1.h">
      <Filter>includes</Filter>
    </ClInclude>
    <ClInclude Include="includes\namcos2.h">
      <Filter>includes</Filter>
    </ClInclude>
    <ClInclude Include="includes\namcos3d.h">
      <Filter>includes</Filter>
    </ClInclude>
    <ClInclude Include="includes\namcos22.h">
      <Filter>includes</Filter>
    </ClInclude>
    <ClInclude Include="includes\nb1413m3.h">
      <Filter>includes</Filter>
    </ClInclude>
    <ClInclude Include="includes\neogeo.h">
      <Filter>includes</Filter>
    </ClInclude>
    <ClInclude Include="includes\news.h">
      <Filter>includes</Filter>
    </ClInclude>
    <ClInclude Include="includes\nitedrvr.h">
      <Filter>includes</Filter>
    </ClInclude>
    <ClInclude Include="includes\offtwall.h">
      <Filter>includes</Filter>
    </ClInclude>
    <ClInclude Include="includes\pacman.h">
      <Filter>includes</Filter>
    </ClInclude>
    <ClInclude Include="includes\pengo.h">
      <Filter>includes</Filter>
    </ClInclude>
    <ClInclude Include="includes\policetr.h">
      <Filter>includes</Filter>
    </ClInclude>
    <ClInclude Include="includes\psikyosh.h">
      <Filter>includes</Filter>
    </ClInclude>
    <ClInclude Include="includes\qix.h">
      <Filter>includes</Filter>
    </ClInclude>
    <ClInclude Include="includes\rampart.h">
      <Filter>includes</Filter>
    </ClInclude>
    <ClInclude Include="includes\relief.h">
      <Filter>includes</Filter>
    </ClInclude>
    <ClInclude Include="includes\sbrkout.h">
      <Filter>includes</Filter>
    </ClInclude>
    <ClInclude Include="includes\sega.h">
      <Filter>includes</Filter>
    </ClInclude>
    <ClInclude Include="includes\segac2.h">
      <Filter>includes</Filter>
    </ClInclude>
    <ClInclude Include="includes\segar.h">
      <Filter>includes</Filter>
    </ClInclude>
    <ClInclude Include="includes\seta.h">
      <Filter>includes</Filter>
    </ClInclude>
    <ClInclude Include="includes\shuuz.h">
      <Filter>includes</Filter>
    </ClInclude>
    <ClInclude Include="includes\skullxbo.h">
      <Filter>includes</Filter>
    </ClInclude>
    <ClInclude Include="includes\skydiver.h">
      <Filter>includes</Filter>
    </ClInclude>
    <ClInclude Include="includes\slapstic.h">
      <Filter>includes</Filter>
    </ClInclude>
    <ClInclude Include="includes\starwars.h">
      <Filter>includes</Filter>
    </ClInclude>
    <ClInclude Include="includes\subs.h">
      <Filter>includes</Filter>
    </ClInclude>
    <ClInclude Include="includes\system16.h">
      <Filter>includes</Filter>
    </ClInclude>
    <ClInclude Include="includes\taito_f2.h">
      <Filter>includes</Filter>
    </ClInclude>
    <ClInclude Include="includes\taito_f3.h">
      <Filter>includes</Filter>
    </ClInclude>
    <ClInclude Include="includes\taxidrvr.h">
      <Filter>includes</Filter>
    </ClInclude>
    <ClInclude Include="includes\thunderj.h">
      <Filter>includes</Filter>
    </ClInclude>
    <ClInclude Include="includes\tickee.h">
      <Filter>includes</Filter>
    </ClInclude>
    <ClInclude Include="includes\toaplan1.h">
      <Filter>includes</Filter>
    </ClInclude>
    <ClInclude Include="includes\toobin.h">
      <Filter>includes</Filter>
    </ClInclude>
    <ClInclude Include="includes\tubep.h">
      <Filter>includes</Filter>
    </ClInclude>
    <ClInclude Include="includes\turbo.h">
      <Filter>includes</Filter>
    </ClInclude>
    <ClInclude Include="includes\vindictr.h">
      <Filter>includes</Filter>
    </ClInclude>
    <ClInclude Include="includes\williams.h">
      <Filter>includes</Filter>
    </ClInclude>
    <ClInclude Include="includes\wwfwfest.h">
      <Filter>includes</Filter>
    </ClInclude>
    <ClInclude Include="includes\xybots.h">
      <Filter>includes</Filter>
    </ClInclude>
    <ClInclude Include="cpu\s2650\s2650.h">
      <Filter>cpu\s2650</Filter>
    </ClInclude>
    <ClInclude Include="cpu\s2650\s2650cpu.h">
      <Filter>cpu\s2650</Filter>
    </ClInclude>
    <ClInclude Include="vc\vcmame.h">
      <Filter>vc</Filter>
    </ClInclude>
    <ClInclude Include="vc\dirent.h">
      <Filter>vc</Filter>
    </ClInclude>
    <ClInclude Include="x86drc.h" />
    <ClInclude Include="windows\wind3d.h">
      <Filter>windows</Filter>
    </ClInclude>
    <ClInclude Include="hash.h" />
    <ClInclude Include="sha1.h" />
    <ClInclude Include="vc\unistd.h">
      <Filter>vc</Filter>
    </ClInclude>
    <ClInclude Include="windows\d3d_extra.h">
      <Filter>windows</Filter>
    </ClInclude>
    <ClInclude Include="windows\pattern.h">
      <Filter>windows</Filter>
    </ClInclude>
    <ClInclude Include="windows\wind3dfx.h">
      <Filter>windows</Filter>
    </ClInclude>
    <ClInclude Include="includes\lethalj.h">
      <Filter>includes</Filter>
    </ClInclude>
    <ClInclude Include="includes\paradise.h">
      <Filter>includes</Filter>
    </ClInclude>
    <ClInclude Include="includes\realbrk.h">
      <Filter>includes</Filter>
    </ClInclude>
    <ClInclude Include="includes\system24.h">
      <Filter>includes</Filter>
    </ClInclude>
    <ClInclude Include="includes\thedeep.h">
      <Filter>includes</Filter>
    </ClInclude>
    <ClInclude Include="includes\unico.h">
      <Filter>includes</Filter>
    </ClInclude>
    <ClInclude Include="includes\psx.h">
      <Filter>includes</Filter>
    </ClInclude>
    <ClInclude Include="vidhrdw\matrix3d.h">
      <Filter>vidhrdw</Filter>
    </ClInclude>
    <ClInclude Include="includes\snes.h">
      <Filter>includes</Filter>
    </ClInclude>
    <ClInclude Include="includes\snk.h">
      <Filter>includes</Filter>
    </ClInclude>
    <ClInclude Include="windows\config.h">
      <Filter>windows</Filter>
    </ClInclude>
    <ClInclude Include="config.h" />
    <ClInclude Include="chd.h" />
    <ClInclude Include="..\depends\zlib\zlib.h">
      <Filter>zlib</Filter>
    </ClInclude>
    <ClInclude Include="cpu\z80\z80.h">
      <Filter>cpu\z80</Filter>
    </ClInclude>
    <ClInclude Include="cpu\z80\z80dasm.h">
      <Filter>cpu\z80</Filter>
    </ClInclude>
    <ClInclude Include="sound\namco.h">
      <Filter>sound</Filter>
    </ClInclude>
    <ClInclude Include="sound\sn76496.h">
      <Filter>sound</Filter>
    </ClInclude>
    <ClInclude Include="sound\ay8910.h">
      <Filter>sound</Filter>
    </ClInclude>
    <ClInclude Include="vidhrdw\avgdvg.h">
      <Filter>vidhrdw</Filter>
    </ClInclude>
    <ClInclude Include="machine\eeprom.h">
      <Filter>machine</Filter>
    </ClInclude>
    <ClInclude Include="machine\segacrpt.h">
      <Filter>machine</Filter>
    </ClInclude>
    <ClInclude Include="sound\samples.h">
      <Filter>sound</Filter>
    </ClInclude>
  </ItemGroup>
  <ItemGroup>
    <ClCompile Include="artwork.c" />
    <ClCompile Include="audit.c" />
    <ClCompile Include="cheat.c" />
    <ClCompile Include="common.c" />
    <ClCompile Include="cpuexec.c" />
    <ClCompile Include="cpuint.c" />
    <ClCompile Include="cpuintrf.c" />
    <ClCompile Include="datafile.c" />
    <ClCompile Include="drawgfx.c" />
    <ClCompile Include="driver.c" />
    <ClCompile Include="fileio.c" />
    <ClCompile Include="harddisk.c" />
    <ClCompile Include="hiscore.c" />
    <ClCompile Include="info.c" />
    <ClCompile Include="inptport.c" />
    <ClCompile Include="input.c" />
    <ClCompile Include="mame.c" />
    <ClCompile Include="mamedbg.c" />
    <ClCompile Include="md5.c" />
    <ClCompile Include="memory.c" />
    <ClCompile Include="network.c" />
    <ClCompile Include="palette.c" />
    <ClCompile Include="png.c" />
    <ClCompile Include="profiler.c" />
    <ClCompile Include="sndintrf.c" />
    <ClCompile Include="state.c" />
    <ClCompile Include="tilemap.c" />
    <ClCompile Include="timer.c" />
    <ClCompile Include="ui_text.c" />
    <ClCompile Include="unzip.c" />
    <ClCompile Include="usrintrf.c" />
    <ClCompile Include="version.c" />
    <ClCompile Include="window.c" />
    <ClCompile Include="windows\blit.c">
      <Filter>windows</Filter>
    </ClCompile>
    <ClCompile Include="windows\config.c">
      <Filter>windows</Filter>
    </ClCompile>
    <ClCompile Include="windows\fileio.c">
      <Filter>windows</Filter>
    </ClCompile>
    <ClCompile Include="windows\fronthlp.c">
      <Filter>windows</Filter>
    </ClCompile>
    <ClCompile Include="windows\input.c">
      <Filter>windows</Filter>
    </ClCompile>
    <ClCompile Include="windows\misc.c">
      <Filter>windows</Filter>
    </ClCompile>
    <ClCompile Include="windows\rc.c">
      <Filter>windows</Filter>
    </ClCompile>
    <ClCompile Include="windows\sound.c">
      <Filter>windows</Filter>
    </ClCompile>
    <ClCompile Include="windows\ticker.c">
      <Filter>windows</Filter>
    </ClCompile>
    <ClCompile Include="windows\video.c">
      <Filter>windows</Filter>
    </ClCompile>
    <ClCompile Include="windows\winddraw.c">
      <Filter>windows</Filter>
    </ClCompile>
    <ClCompile Include="windows\window.c">
      <Filter>windows</Filter>
    </ClCompile>
    <ClCompile Include="windows\winmain.c">
      <Filter>windows</Filter>
    </ClCompile>
    <ClCompile Include="vidhrdw\generic.c">
      <Filter>vidhrdw</Filter>
    </ClCompile>
    <ClCompile Include="vidhrdw\poly.c">
      <Filter>vidhrdw</Filter>
    </ClCompile>
    <ClCompile Include="vidhrdw\vector.c">
      <Filter>vidhrdw</Filter>
    </ClCompile>
    <ClCompile Include="sound\filter.c">
      <Filter>sound</Filter>
    </ClCompile>
    <ClCompile Include="sound\mixer.c">
      <Filter>sound</Filter>
    </ClCompile>
    <ClCompile Include="sound\streams.c">
      <Filter>sound</Filter>
    </ClCompile>
    <ClCompile Include="sound\wavwrite.c">
      <Filter>sound</Filter>
    </ClCompile>
    <ClCompile Include="machine\jumpshot.c">
      <Filter>machine</Filter>
    </ClCompile>
    <ClCompile Include="machine\mspacman.c">
      <Filter>machine</Filter>
    </ClCompile>
    <ClCompile Include="machine\pacplus.c">
      <Filter>machine</Filter>
    </ClCompile>
    <ClCompile Include="machine\theglobp.c">
      <Filter>machine</Filter>
    </ClCompile>
    <ClCompile Include="drivers\pacman.c">
      <Filter>drivers</Filter>
    </ClCompile>
    <ClCompile Include="cpu\s2650\2650dasm.c">
      <Filter>cpu\s2650</Filter>
    </ClCompile>
    <ClCompile Include="cpu\s2650\s2650.c">
      <Filter>cpu\s2650</Filter>
    </ClCompile>
    <ClCompile Include="vc\dirent.c">
      <Filter>vc</Filter>
    </ClCompile>
    <ClCompile Include="x86drc.c" />
    <ClCompile Include="windows\wind3d.c">
      <Filter>windows</Filter>
    </ClCompile>
    <ClCompile Include="hash.c" />
    <ClCompile Include="sha1.c" />
    <ClCompile Include="windows\wind3dfx.c">
      <Filter>windows</Filter>
    </ClCompile>
    <ClCompile Include="machine\acitya.c">
      <Filter>machine</Filter>
    </ClCompile>
    <ClCompile Include="vidhrdw\matrix3d.c">
      <Filter>vidhrdw</Filter>
    </ClCompile>
    <ClCompile Include="config.c" />
    <ClCompile Include="chd.c" />
    <ClCompile Include="..\depends\zlib\adler32.c">
      <Filter>zlib</Filter>
    </ClCompile>
    <ClCompile Include="..\depends\zlib\crc32.c">
      <Filter>zlib</Filter>
    </ClCompile>
    <ClCompile Include="..\depends\zlib\deflate.c">
      <Filter>zlib</Filter>
    </ClCompile>
    <ClCompile Include="..\depends\zlib\inffast.c">
      <Filter>zlib</Filter>
    </ClCompile>
    <ClCompile Include="..\depends\zlib\inflate.c">
      <Filter>zlib</Filter>
    </ClCompile>
    <ClCompile Include="..\depends\zlib\inftrees.c">
      <Filter>zlib</Filter>
    </ClCompile>
    <ClCompile Include="..\depends\zlib\zutil.c">
      <Filter>zlib</Filter>
    </ClCompile>
    <ClCompile Include="..\depends\zlib\compress.c">
      <Filter>zlib</Filter>
    </ClCompile>
    <ClCompile Include="..\depends\zlib\uncompr.c">
      <Filter>zlib</Filter>
    </ClCompile>
    <ClCompile Include="..\depends\zlib\trees.c">
      <Filter>zlib</Filter>
    </ClCompile>
    <ClCompile Include="cpu\z80\z80.c">
      <Filter>cpu\z80</Filter>
    </ClCompile>
    <ClCompile Include="cpu\z80\z80dasm.c">
      <Filter>cpu\z80</Filter>
    </ClCompile>
    <ClCompile Include="drivers\pengo.c">
      <Filter>drivers</Filter>
    </ClCompile>
    <ClCompile Include="sound\namco.c">
      <Filter>sound</Filter>
    </ClCompile>
    <ClCompile Include="sound\sn76496.c">
      <Filter>sound</Filter>
    </ClCompile>
    <ClCompile Include="sound\ay8910.c">
      <Filter>sound</Filter>
    </ClCompile>
    <ClCompile Include="vidhrdw\pengo.c">
      <Filter>vidhrdw</Filter>
    </ClCompile>
    <ClCompile Include="vidhrdw\avgdvg.c">
      <Filter>vidhrdw</Filter>
    </ClCompile>
    <ClCompile Include="machine\eeprom.c">
      <Filter>machine</Filter>
    </ClCompile>
    <ClCompile Include="machine\segacrpt.c">
      <Filter>machine</Filter>
    </ClCompile>
  </ItemGroup>
  <ItemGroup>
    <CustomBuild Include="windows\asmblit.asm">
      <Filter>windows</Filter>
    </CustomBuild>
    <CustomBuild Include="windows\asmtile.asm">
      <Filter>windows</Filter>
    </CustomBuild>
  </ItemGroup>
  <ItemGroup>
    <ResourceCompile Include="..\tmp\version\version.rc">
      <Filter>vc</Filter>
    </ResourceCompile>
  </ItemGroup>
</Project>