<?xml version="1.0" encoding="utf-8"?>
<Project ToolsVersion="4.0" xmlns="http://schemas.microsoft.com/developer/msbuild/2003">
  <ItemGroup>
    <Filter Include="zlib">
      <UniqueIdentifier>{d84f696b-9a35-4195-922d-610eebff183c}</UniqueIdentifier>
    </Filter>
    <Filter Include="vc">
      <UniqueIdentifier>{e4b5cf89-694a-4bbb-880f-0007119c066f}</UniqueIdentifier>
    </Filter>
  </ItemGroup>
  <ItemGroup>
    <ClCompile Include="romcmp.c" />
    <ClCompile Include="unzip.c" />
    <ClCompile Include="vc\dirent.c">
      <Filter>vc</Filter>
    </ClCompile>
    <ClCompile Include="..\depends\zlib\adler32.c">
      <Filter>zlib</Filter>
    </ClCompile>
    <ClCompile Include="..\depends\zlib\crc32.c">
      <Filter>zlib</Filter>
    </ClCompile>
    <ClCompile Include="..\depends\zlib\deflate.c">
      <Filter>zlib</Filter>
    </ClCompile>
    <ClCompile Include="..\depends\zlib\inffast.c">
      <Filter>zlib</Filter>
    </ClCompile>
    <ClCompile Include="..\depends\zlib\inflate.c">
      <Filter>zlib</Filter>
    </ClCompile>
    <ClCompile Include="..\depends\zlib\inftrees.c">
      <Filter>zlib</Filter>
    </ClCompile>
    <ClCompile Include="..\depends\zlib\trees.c">
      <Filter>zlib</Filter>
    </ClCompile>
    <ClCompile Include="..\depends\zlib\zutil.c">
      <Filter>zlib</Filter>
    </ClCompile>
  </ItemGroup>
  <ItemGroup>
    <ClInclude Include="driver.h" />
    <ClInclude Include="unzip.h" />
    <ClInclude Include="fileio.h" />
    <ClInclude Include="vc\dirent.h">
      <Filter>vc</Filter>
    </ClInclude>
    <ClInclude Include="vc\vcmame.h">
      <Filter>vc</Filter>
    </ClInclude>
    <ClInclude Include="..\depends\zlib\zlib.h">
      <Filter>zlib</Filter>
    </ClInclude>
  </ItemGroup>
  <ItemGroup>
    <ResourceCompile Include="..\tmp\version\version.rc">
      <Filter>vc</Filter>
    </ResourceCompile>
  </ItemGroup>
</Project>